
Microsoft Visual Studio Solution File, Format Version 12.00
Project("{FAE04EC0-301F-11D3-BF4B-00C04F79EFBC}") = "Ex1", "Ex1\Ex1.csproj", "{AEC32C52-1463-48C7-8A5B-11A56977EA3A}"
EndProject
Global
	GlobalSection(SolutionConfigurationPlatforms) = preSolution
		Debug|Any CPU = Debug|Any CPU
		Release|Any CPU = Release|Any CPU
	EndGlobalSection
	GlobalSection(ProjectConfigurationPlatforms) = postSolution
		{AEC32C52-1463-48C7-8A5B-11A56977EA3A}.Debug|Any CPU.ActiveCfg = Debug|Any CPU
		{AEC32C52-1463-48C7-8A5B-11A56977EA3A}.Debug|Any CPU.Build.0 = Debug|Any CPU
		{AEC32C52-1463-48C7-8A5B-11A56977EA3A}.Release|Any CPU.ActiveCfg = Release|Any CPU
		{AEC32C52-1463-48C7-8A5B-11A56977EA3A}.Release|Any CPU.Build.0 = Release|Any CPU
	EndGlobalSection
EndGlobal
